
Microsoft Visual Studio Solution File, Format Version 12.00
# Visual Studio Version 17
VisualStudioVersion = 17.14.36301.6 d17.14
MinimumVisualStudioVersion = 10.0.40219.1
Project("{FAE04EC0-301F-11D3-BF4B-00C04F79EFBC}") = "CSharp_Parking_Tests", "CSharp_Parking_Tests.csproj", "{860A573E-EF7D-E894-4FEE-3B7145E98BE5}"
EndProject
Global
	GlobalSection(SolutionConfigurationPlatforms) = preSolution
		Debug|Any CPU = Debug|Any CPU
		Release|Any CPU = Release|Any CPU
	EndGlobalSection
	GlobalSection(ProjectConfigurationPlatforms) = postSolution
		{860A573E-EF7D-E894-4FEE-3B7145E98BE5}.Debug|Any CPU.ActiveCfg = Debug|Any CPU
		{860A573E-EF7D-E894-4FEE-3B7145E98BE5}.Debug|Any CPU.Build.0 = Debug|Any CPU
		{860A573E-EF7D-E894-4FEE-3B7145E98BE5}.Release|Any CPU.ActiveCfg = Release|Any CPU
		{860A573E-EF7D-E894-4FEE-3B7145E98BE5}.Release|Any CPU.Build.0 = Release|Any CPU
	EndGlobalSection
	GlobalSection(SolutionProperties) = preSolution
		HideSolutionNode = FALSE
	EndGlobalSection
	GlobalSection(ExtensibilityGlobals) = postSolution
		SolutionGuid = {08AF08C2-27FD-44C7-B93C-77D1514BCE78}
	EndGlobalSection
EndGlobal
